
Microsoft Visual Studio Solution File, Format Version 12.00
# Visual Studio Version 16
VisualStudioVersion = 16.0.30503.244
MinimumVisualStudioVersion = 10.0.40219.1
Project("{9A19103F-16F7-4668-BE54-9A1E7A4F7556}") = "WeatherBot", "WeatherBot\WeatherBot.csproj", "{8139474F-4F25-4966-BFB3-2D248803454D}"
EndProject
Project("{9A19103F-16F7-4668-BE54-9A1E7A4F7556}") = "WeatherBot.Domain", "WeatherBot.Domain\WeatherBot.Domain.csproj", "{A611C43D-C481-4901-8155-B72D8C38A719}"
EndProject
Project("{FAE04EC0-301F-11D3-BF4B-00C04F79EFBC}") = "WeatherBot.DataAccess", "WeatherBot.DataAccess\WeatherBot.DataAccess.csproj", "{D8C535A0-2A34-4F38-808B-3D0627BCC34C}"
EndProject
Global
	GlobalSection(SolutionConfigurationPlatforms) = preSolution
		Debug|Any CPU = Debug|Any CPU
		Release|Any CPU = Release|Any CPU
	EndGlobalSection
	GlobalSection(ProjectConfigurationPlatforms) = postSolution
		{8139474F-4F25-4966-BFB3-2D248803454D}.Debug|Any CPU.ActiveCfg = Debug|Any CPU
		{8139474F-4F25-4966-BFB3-2D248803454D}.Debug|Any CPU.Build.0 = Debug|Any CPU
		{8139474F-4F25-4966-BFB3-2D248803454D}.Release|Any CPU.ActiveCfg = Release|Any CPU
		{8139474F-4F25-4966-BFB3-2D248803454D}.Release|Any CPU.Build.0 = Release|Any CPU
		{A611C43D-C481-4901-8155-B72D8C38A719}.Debug|Any CPU.ActiveCfg = Debug|Any CPU
		{A611C43D-C481-4901-8155-B72D8C38A719}.Debug|Any CPU.Build.0 = Debug|Any CPU
		{A611C43D-C481-4901-8155-B72D8C38A719}.Release|Any CPU.ActiveCfg = Release|Any CPU
		{A611C43D-C481-4901-8155-B72D8C38A719}.Release|Any CPU.Build.0 = Release|Any CPU
		{D8C535A0-2A34-4F38-808B-3D0627BCC34C}.Debug|Any CPU.ActiveCfg = Debug|Any CPU
		{D8C535A0-2A34-4F38-808B-3D0627BCC34C}.Debug|Any CPU.Build.0 = Debug|Any CPU
		{D8C535A0-2A34-4F38-808B-3D0627BCC34C}.Release|Any CPU.ActiveCfg = Release|Any CPU
		{D8C535A0-2A34-4F38-808B-3D0627BCC34C}.Release|Any CPU.Build.0 = Release|Any CPU
	EndGlobalSection
	GlobalSection(SolutionProperties) = preSolution
		HideSolutionNode = FALSE
	EndGlobalSection
	GlobalSection(ExtensibilityGlobals) = postSolution
		SolutionGuid = {74BBC2FF-8907-4D93-9D3B-D857A1805C46}
	EndGlobalSection
EndGlobal
